
Microsoft Visual Studio Solution File, Format Version 10.00
# Visual Studio 2008
Project("{8BC9CEB8-8B4A-11D0-8D11-00A0C91BC942}") = "odbc1", "odbc1\odbc1.vcproj", "{AC6CC11B-2EBA-4765-9B43-59522037A43C}"
EndProject
Project("{8BC9CEB8-8B4A-11D0-8D11-00A0C91BC942}") = "odbc2", "odbc2\odbc2.vcproj", "{66C2967B-52D5-493E-8A4E-3E2B354CFAE8}"
EndProject
Project("{8BC9CEB8-8B4A-11D0-8D11-00A0C91BC942}") = "odbc_config", "fileio\fileio.vcproj", "{70E40D03-D29A-4B11-9D66-A8DD5022E916}"
EndProject
Project("{8BC9CEB8-8B4A-11D0-8D11-00A0C91BC942}") = "myutil", "myutil\myutil.vcproj", "{6ED1EDF0-F9B8-4386-B5E3-9BC15D945C81}"
EndProject
Global
	GlobalSection(SolutionConfigurationPlatforms) = preSolution
		Debug|Win32 = Debug|Win32
		Release|Win32 = Release|Win32
	EndGlobalSection
	GlobalSection(ProjectConfigurationPlatforms) = postSolution
		{AC6CC11B-2EBA-4765-9B43-59522037A43C}.Debug|Win32.ActiveCfg = Debug|Win32
		{AC6CC11B-2EBA-4765-9B43-59522037A43C}.Debug|Win32.Build.0 = Debug|Win32
		{AC6CC11B-2EBA-4765-9B43-59522037A43C}.Release|Win32.ActiveCfg = Release|Win32
		{AC6CC11B-2EBA-4765-9B43-59522037A43C}.Release|Win32.Build.0 = Release|Win32
		{66C2967B-52D5-493E-8A4E-3E2B354CFAE8}.Debug|Win32.ActiveCfg = Debug|Win32
		{66C2967B-52D5-493E-8A4E-3E2B354CFAE8}.Debug|Win32.Build.0 = Debug|Win32
		{66C2967B-52D5-493E-8A4E-3E2B354CFAE8}.Release|Win32.ActiveCfg = Release|Win32
		{66C2967B-52D5-493E-8A4E-3E2B354CFAE8}.Release|Win32.Build.0 = Release|Win32
		{70E40D03-D29A-4B11-9D66-A8DD5022E916}.Debug|Win32.ActiveCfg = Debug|Win32
		{70E40D03-D29A-4B11-9D66-A8DD5022E916}.Debug|Win32.Build.0 = Debug|Win32
		{70E40D03-D29A-4B11-9D66-A8DD5022E916}.Release|Win32.ActiveCfg = Release|Win32
		{70E40D03-D29A-4B11-9D66-A8DD5022E916}.Release|Win32.Build.0 = Release|Win32
		{6ED1EDF0-F9B8-4386-B5E3-9BC15D945C81}.Debug|Win32.ActiveCfg = Debug|Win32
		{6ED1EDF0-F9B8-4386-B5E3-9BC15D945C81}.Debug|Win32.Build.0 = Debug|Win32
		{6ED1EDF0-F9B8-4386-B5E3-9BC15D945C81}.Release|Win32.ActiveCfg = Release|Win32
		{6ED1EDF0-F9B8-4386-B5E3-9BC15D945C81}.Release|Win32.Build.0 = Release|Win32
	EndGlobalSection
	GlobalSection(SolutionProperties) = preSolution
		HideSolutionNode = FALSE
	EndGlobalSection
EndGlobal
